{
  "version": 4,
  "terraform_version": "1.0.9",
  "serial": 27,
  "lineage": "26cd98bc-253c-93e0-c30c-816307acbcf9",
  "outputs": {
    "create_compartment-id": {
      "value": {
        "for_each": {
          "0": {
            "apex": {
              "compartment_id": "ocid1.tenancy.oc1..aaaaaaaaoippwjwue735k7xzktpyu4nhabproqr4uxsmd7imgqhj33leyt5q",
              "defined_tags": {
                "Oracle-Tags.CreatedBy": "oracleidentitycloudservice/chris.murray.092776@gmail.com",
                "Oracle-Tags.CreatedOn": "2023-03-23T03:12:17.781Z"
              },
              "description": "Apex Resource for prs-dev",
              "enable_delete": true,
              "freeform_tags": {},
              "id": "ocid1.compartment.oc1..aaaaaaaa6uy2oaq7mylkx6eco2lxume4kdom4dbl4v2bdyqedvnymd46z3iq",
              "inactive_state": null,
              "is_accessible": true,
              "name": "prs-dev-apex-cmp",
              "state": "ACTIVE",
              "time_created": "2023-03-23 03:12:17.852 +0000 UTC",
              "timeouts": null
            },
            "idp": {
              "compartment_id": "ocid1.tenancy.oc1..aaaaaaaaoippwjwue735k7xzktpyu4nhabproqr4uxsmd7imgqhj33leyt5q",
              "defined_tags": {
                "Oracle-Tags.CreatedBy": "oracleidentitycloudservice/chris.murray.092776@gmail.com",
                "Oracle-Tags.CreatedOn": "2023-03-23T03:41:17.529Z"
              },
              "description": "IDP Resource for prs-dev",
              "enable_delete": true,
              "freeform_tags": {},
              "id": "ocid1.compartment.oc1..aaaaaaaa4zj2ixjug6yswdcu2dbymjg7hzfs75avr7wvo7d4rpmpvmskz2ia",
              "inactive_state": null,
              "is_accessible": true,
              "name": "prs-dev-idp-cmp",
              "state": "ACTIVE",
              "time_created": "2023-03-23 03:41:17.598 +0000 UTC",
              "timeouts": null
            }
          }
        }
      },
      "type": [
        "object",
        {
          "for_each": [
            "object",
            {
              "0": [
                "object",
                {
                  "apex": [
                    "object",
                    {
                      "compartment_id": "string",
                      "defined_tags": [
                        "map",
                        "string"
                      ],
                      "description": "string",
                      "enable_delete": "bool",
                      "freeform_tags": [
                        "map",
                        "string"
                      ],
                      "id": "string",
                      "inactive_state": "string",
                      "is_accessible": "bool",
                      "name": "string",
                      "state": "string",
                      "time_created": "string",
                      "timeouts": [
                        "object",
                        {
                          "delete": "string"
                        }
                      ]
                    }
                  ],
                  "idp": [
                    "object",
                    {
                      "compartment_id": "string",
                      "defined_tags": [
                        "map",
                        "string"
                      ],
                      "description": "string",
                      "enable_delete": "bool",
                      "freeform_tags": [
                        "map",
                        "string"
                      ],
                      "id": "string",
                      "inactive_state": "string",
                      "is_accessible": "bool",
                      "name": "string",
                      "state": "string",
                      "time_created": "string",
                      "timeouts": [
                        "object",
                        {
                          "delete": "string"
                        }
                      ]
                    }
                  ]
                }
              ]
            }
          ]
        }
      ]
    },
    "list_compartment-object": {
      "value": {
        "compartment_id": null,
        "defined_tags": {},
        "description": "chrismurray092776",
        "freeform_tags": {},
        "id": "ocid1.tenancy.oc1..aaaaaaaaoippwjwue735k7xzktpyu4nhabproqr4uxsmd7imgqhj33leyt5q",
        "inactive_state": null,
        "is_accessible": true,
        "name": "chrismurray092776",
        "state": "ACTIVE",
        "time_created": "2021-11-19 19:13:57.691 +0000 UTC"
      },
      "type": [
        "object",
        {
          "compartment_id": "string",
          "defined_tags": [
            "map",
            "string"
          ],
          "description": "string",
          "freeform_tags": [
            "map",
            "string"
          ],
          "id": "string",
          "inactive_state": "string",
          "is_accessible": "bool",
          "name": "string",
          "state": "string",
          "time_created": "string"
        }
      ]
    }
  },
  "resources": [
    {
      "module": "module.create_compartment",
      "mode": "managed",
      "type": "oci_identity_compartment",
      "name": "compartment",
      "provider": "provider[\"registry.terraform.io/hashicorp/oci\"]",
      "instances": [
        {
          "index_key": "apex",
          "schema_version": 0,
          "attributes": {
            "compartment_id": "ocid1.tenancy.oc1..aaaaaaaaoippwjwue735k7xzktpyu4nhabproqr4uxsmd7imgqhj33leyt5q",
            "defined_tags": {
              "Oracle-Tags.CreatedBy": "oracleidentitycloudservice/chris.murray.092776@gmail.com",
              "Oracle-Tags.CreatedOn": "2023-03-23T03:12:17.781Z"
            },
            "description": "Apex Resource for prs-dev",
            "enable_delete": true,
            "freeform_tags": {},
            "id": "ocid1.compartment.oc1..aaaaaaaa6uy2oaq7mylkx6eco2lxume4kdom4dbl4v2bdyqedvnymd46z3iq",
            "inactive_state": null,
            "is_accessible": true,
            "name": "prs-dev-apex-cmp",
            "state": "ACTIVE",
            "time_created": "2023-03-23 03:12:17.852 +0000 UTC",
            "timeouts": null
          },
          "sensitive_attributes": [],
          "private": "eyJlMmJmYjczMC1lY2FhLTExZTYtOGY4OC0zNDM2M2JjN2M0YzAiOnsiZGVsZXRlIjo1NDAwMDAwMDAwMDAwfX0="
        },
        {
          "index_key": "idp",
          "schema_version": 0,
          "attributes": {
            "compartment_id": "ocid1.tenancy.oc1..aaaaaaaaoippwjwue735k7xzktpyu4nhabproqr4uxsmd7imgqhj33leyt5q",
            "defined_tags": {
              "Oracle-Tags.CreatedBy": "oracleidentitycloudservice/chris.murray.092776@gmail.com",
              "Oracle-Tags.CreatedOn": "2023-03-23T03:41:17.529Z"
            },
            "description": "IDP Resource for prs-dev",
            "enable_delete": true,
            "freeform_tags": {},
            "id": "ocid1.compartment.oc1..aaaaaaaa4zj2ixjug6yswdcu2dbymjg7hzfs75avr7wvo7d4rpmpvmskz2ia",
            "inactive_state": null,
            "is_accessible": true,
            "name": "prs-dev-idp-cmp",
            "state": "ACTIVE",
            "time_created": "2023-03-23 03:41:17.598 +0000 UTC",
            "timeouts": null
          },
          "sensitive_attributes": [],
          "private": "eyJlMmJmYjczMC1lY2FhLTExZTYtOGY4OC0zNDM2M2JjN2M0YzAiOnsiZGVsZXRlIjo1NDAwMDAwMDAwMDAwfX0="
        }
      ]
    },
    {
      "module": "module.list_compartment",
      "mode": "data",
      "type": "oci_identity_compartment",
      "name": "compartments",
      "provider": "provider[\"registry.terraform.io/hashicorp/oci\"]",
      "instances": [
        {
          "schema_version": 0,
          "attributes": {
            "compartment_id": null,
            "defined_tags": {},
            "description": "chrismurray092776",
            "freeform_tags": {},
            "id": "ocid1.tenancy.oc1..aaaaaaaaoippwjwue735k7xzktpyu4nhabproqr4uxsmd7imgqhj33leyt5q",
            "inactive_state": null,
            "is_accessible": true,
            "name": "chrismurray092776",
            "state": "ACTIVE",
            "time_created": "2021-11-19 19:13:57.691 +0000 UTC"
          },
          "sensitive_attributes": []
        }
      ]
    }
  ]
}
